
Microsoft Visual Studio Solution File, Format Version 12.00
# Visual Studio Version 17
VisualStudioVersion = 17.3.32804.467
MinimumVisualStudioVersion = 10.0.40219.1
Project("{FAE04EC0-301F-11D3-BF4B-00C04F79EFBC}") = "HRworks.Api", "HRworks.Api\HRworks.Api.csproj", "{D64A444A-1858-4A2F-BB16-0F9CCA08A03B}"
EndProject
Project("{FAE04EC0-301F-11D3-BF4B-00C04F79EFBC}") = "HRworks.Api.DependencyInjection", "HRworks.Api.DependencyInjection\HRworks.Api.DependencyInjection.csproj", "{FC1087F7-0E98-475C-84CB-1E452F66394E}"
EndProject
Global
	GlobalSection(SolutionConfigurationPlatforms) = preSolution
		Debug|Any CPU = Debug|Any CPU
		Release|Any CPU = Release|Any CPU
	EndGlobalSection
	GlobalSection(ProjectConfigurationPlatforms) = postSolution
		{D64A444A-1858-4A2F-BB16-0F9CCA08A03B}.Debug|Any CPU.ActiveCfg = Debug|Any CPU
		{D64A444A-1858-4A2F-BB16-0F9CCA08A03B}.Debug|Any CPU.Build.0 = Debug|Any CPU
		{D64A444A-1858-4A2F-BB16-0F9CCA08A03B}.Release|Any CPU.ActiveCfg = Release|Any CPU
		{D64A444A-1858-4A2F-BB16-0F9CCA08A03B}.Release|Any CPU.Build.0 = Release|Any CPU
		{FC1087F7-0E98-475C-84CB-1E452F66394E}.Debug|Any CPU.ActiveCfg = Debug|Any CPU
		{FC1087F7-0E98-475C-84CB-1E452F66394E}.Debug|Any CPU.Build.0 = Debug|Any CPU
		{FC1087F7-0E98-475C-84CB-1E452F66394E}.Release|Any CPU.ActiveCfg = Release|Any CPU
		{FC1087F7-0E98-475C-84CB-1E452F66394E}.Release|Any CPU.Build.0 = Release|Any CPU
	EndGlobalSection
	GlobalSection(SolutionProperties) = preSolution
		HideSolutionNode = FALSE
	EndGlobalSection
	GlobalSection(ExtensibilityGlobals) = postSolution
		SolutionGuid = {F32A098D-2A6B-45CA-AA44-D1D25C10CDD4}
	EndGlobalSection
EndGlobal
